
Microsoft Visual Studio Solution File, Format Version 12.00
# Visual Studio 2013
VisualStudioVersion = 12.0.30501.0
MinimumVisualStudioVersion = 10.0.40219.1
Project("{FAE04EC0-301F-11D3-BF4B-00C04F79EFBC}") = "WindowsFormsControlLibrary1", "WindowsFormsControlLibrary1\WindowsFormsControlLibrary1.csproj", "{7EC43C54-C882-4FFA-9DB6-54837577C924}"
EndProject
Project("{FAE04EC0-301F-11D3-BF4B-00C04F79EFBC}") = "PCDCS Testing Tool", "..\PCDCS Testing Tool\PCDCS Testing Tool\PCDCS Testing Tool.csproj", "{DF646B38-A5B7-4F8B-A83A-4D72F343D576}"
EndProject
Global
	GlobalSection(SolutionConfigurationPlatforms) = preSolution
		Debug|Any CPU = Debug|Any CPU
		Release|Any CPU = Release|Any CPU
	EndGlobalSection
	GlobalSection(ProjectConfigurationPlatforms) = postSolution
		{7EC43C54-C882-4FFA-9DB6-54837577C924}.Debug|Any CPU.ActiveCfg = Debug|Any CPU
		{7EC43C54-C882-4FFA-9DB6-54837577C924}.Debug|Any CPU.Build.0 = Debug|Any CPU
		{7EC43C54-C882-4FFA-9DB6-54837577C924}.Release|Any CPU.ActiveCfg = Release|Any CPU
		{7EC43C54-C882-4FFA-9DB6-54837577C924}.Release|Any CPU.Build.0 = Release|Any CPU
		{DF646B38-A5B7-4F8B-A83A-4D72F343D576}.Debug|Any CPU.ActiveCfg = Debug|Any CPU
		{DF646B38-A5B7-4F8B-A83A-4D72F343D576}.Debug|Any CPU.Build.0 = Debug|Any CPU
		{DF646B38-A5B7-4F8B-A83A-4D72F343D576}.Release|Any CPU.ActiveCfg = Release|Any CPU
		{DF646B38-A5B7-4F8B-A83A-4D72F343D576}.Release|Any CPU.Build.0 = Release|Any CPU
	EndGlobalSection
	GlobalSection(SolutionProperties) = preSolution
		HideSolutionNode = FALSE
	EndGlobalSection
EndGlobal
